
Microsoft Visual Studio Solution File, Format Version 12.00
# Visual Studio Version 17
VisualStudioVersion = 17.11.35327.3
MinimumVisualStudioVersion = 10.0.40219.1
Project("{FAE04EC0-301F-11D3-BF4B-00C04F79EFBC}") = "Question3", "Question3\Question3.csproj", "{ABCA315D-19FC-4F60-B058-EF8D59B38788}"
EndProject
Global
	GlobalSection(SolutionConfigurationPlatforms) = preSolution
		Debug|Any CPU = Debug|Any CPU
		Release|Any CPU = Release|Any CPU
	EndGlobalSection
	GlobalSection(ProjectConfigurationPlatforms) = postSolution
		{ABCA315D-19FC-4F60-B058-EF8D59B38788}.Debug|Any CPU.ActiveCfg = Debug|Any CPU
		{ABCA315D-19FC-4F60-B058-EF8D59B38788}.Debug|Any CPU.Build.0 = Debug|Any CPU
		{ABCA315D-19FC-4F60-B058-EF8D59B38788}.Release|Any CPU.ActiveCfg = Release|Any CPU
		{ABCA315D-19FC-4F60-B058-EF8D59B38788}.Release|Any CPU.Build.0 = Release|Any CPU
	EndGlobalSection
	GlobalSection(SolutionProperties) = preSolution
		HideSolutionNode = FALSE
	EndGlobalSection
	GlobalSection(ExtensibilityGlobals) = postSolution
		SolutionGuid = {F95EC9BD-0B0B-412C-8C4B-68BDD928089C}
	EndGlobalSection
EndGlobal
